
Microsoft Visual Studio Solution File, Format Version 12.00
# Visual Studio 15
VisualStudioVersion = 15.0.28010.2041
MinimumVisualStudioVersion = 10.0.40219.1
Project("{FAE04EC0-301F-11D3-BF4B-00C04F79EFBC}") = "ParProg_Lab3", "ParProg_Lab3\ParProg_Lab3.csproj", "{A2CF3FDA-5D80-4FB7-8649-A12E71ED5936}"
EndProject
Global
	GlobalSection(SolutionConfigurationPlatforms) = preSolution
		Debug|Any CPU = Debug|Any CPU
		Release|Any CPU = Release|Any CPU
	EndGlobalSection
	GlobalSection(ProjectConfigurationPlatforms) = postSolution
		{A2CF3FDA-5D80-4FB7-8649-A12E71ED5936}.Debug|Any CPU.ActiveCfg = Debug|Any CPU
		{A2CF3FDA-5D80-4FB7-8649-A12E71ED5936}.Debug|Any CPU.Build.0 = Debug|Any CPU
		{A2CF3FDA-5D80-4FB7-8649-A12E71ED5936}.Release|Any CPU.ActiveCfg = Release|Any CPU
		{A2CF3FDA-5D80-4FB7-8649-A12E71ED5936}.Release|Any CPU.Build.0 = Release|Any CPU
	EndGlobalSection
	GlobalSection(SolutionProperties) = preSolution
		HideSolutionNode = FALSE
	EndGlobalSection
	GlobalSection(ExtensibilityGlobals) = postSolution
		SolutionGuid = {80703E63-6970-4A4B-A0F4-70CB297A0728}
	EndGlobalSection
EndGlobal
